
Microsoft Visual Studio Solution File, Format Version 12.00
# Visual Studio 15
VisualStudioVersion = 15.0.28307.168
MinimumVisualStudioVersion = 10.0.40219.1
Project("{FAE04EC0-301F-11D3-BF4B-00C04F79EFBC}") = "OnePaceMuxer", "OnePaceMuxer\OnePaceMuxer.csproj", "{CF980CC1-D291-4B72-850C-8E7D6C2F700E}"
EndProject
Project("{FAE04EC0-301F-11D3-BF4B-00C04F79EFBC}") = "OnePaceCore", "..\one-pace-core-desktop-library\OnePaceCore.csproj", "{D9D42725-EF61-4989-AFD3-69EA7F08984D}"
EndProject
Global
	GlobalSection(SolutionConfigurationPlatforms) = preSolution
		Debug|Any CPU = Debug|Any CPU
		Release|Any CPU = Release|Any CPU
	EndGlobalSection
	GlobalSection(ProjectConfigurationPlatforms) = postSolution
		{CF980CC1-D291-4B72-850C-8E7D6C2F700E}.Debug|Any CPU.ActiveCfg = Debug|Any CPU
		{CF980CC1-D291-4B72-850C-8E7D6C2F700E}.Debug|Any CPU.Build.0 = Debug|Any CPU
		{CF980CC1-D291-4B72-850C-8E7D6C2F700E}.Release|Any CPU.ActiveCfg = Release|Any CPU
		{CF980CC1-D291-4B72-850C-8E7D6C2F700E}.Release|Any CPU.Build.0 = Release|Any CPU
		{D9D42725-EF61-4989-AFD3-69EA7F08984D}.Debug|Any CPU.ActiveCfg = Debug|Any CPU
		{D9D42725-EF61-4989-AFD3-69EA7F08984D}.Debug|Any CPU.Build.0 = Debug|Any CPU
		{D9D42725-EF61-4989-AFD3-69EA7F08984D}.Release|Any CPU.ActiveCfg = Release|Any CPU
		{D9D42725-EF61-4989-AFD3-69EA7F08984D}.Release|Any CPU.Build.0 = Release|Any CPU
	EndGlobalSection
	GlobalSection(SolutionProperties) = preSolution
		HideSolutionNode = FALSE
	EndGlobalSection
	GlobalSection(ExtensibilityGlobals) = postSolution
		SolutionGuid = {7ADD80F2-55C9-442B-B68D-3845C21659CF}
	EndGlobalSection
EndGlobal
